
Microsoft Visual Studio Solution File, Format Version 12.00
# Visual Studio Version 17
VisualStudioVersion = 17.4.32804.182
MinimumVisualStudioVersion = 10.0.40219.1
Project("{FAE04EC0-301F-11D3-BF4B-00C04F79EFBC}") = "PlaywrightUpgrade", "PlaywrightUpgrade\PlaywrightUpgrade.csproj", "{A4435DF9-7A97-4A8B-AEBB-E3F023889F0F}"
EndProject
Global
	GlobalSection(SolutionConfigurationPlatforms) = preSolution
		Debug|Any CPU = Debug|Any CPU
		Release|Any CPU = Release|Any CPU
	EndGlobalSection
	GlobalSection(ProjectConfigurationPlatforms) = postSolution
		{A4435DF9-7A97-4A8B-AEBB-E3F023889F0F}.Debug|Any CPU.ActiveCfg = Debug|Any CPU
		{A4435DF9-7A97-4A8B-AEBB-E3F023889F0F}.Debug|Any CPU.Build.0 = Debug|Any CPU
		{A4435DF9-7A97-4A8B-AEBB-E3F023889F0F}.Release|Any CPU.ActiveCfg = Release|Any CPU
		{A4435DF9-7A97-4A8B-AEBB-E3F023889F0F}.Release|Any CPU.Build.0 = Release|Any CPU
	EndGlobalSection
	GlobalSection(SolutionProperties) = preSolution
		HideSolutionNode = FALSE
	EndGlobalSection
	GlobalSection(ExtensibilityGlobals) = postSolution
		SolutionGuid = {FB356FFA-9843-4700-B22E-1CE7DE606D2C}
	EndGlobalSection
EndGlobal
